{
  "requires": true,
  "lockfileVersion": 1,
  "dependencies": {
    "reflect-metadata": {
      "version": "0.1.13",
      "resolved": "https://registry.npmjs.org/reflect-metadata/-/reflect-metadata-0.1.13.tgz",
      "integrity": "sha512-Ts1Y/anZELhSsjMcU605fU9RE4Oi3p5ORujwbIKXfWa+0Zxs510Qrmrce5/Jowq3cHSZSJqBjypxmHarc+vEWg=="
    },
    "tslib": {
      "version": "2.4.0",
      "resolved": "https://registry.npmjs.org/tslib/-/tslib-2.4.0.tgz",
      "integrity": "sha512-d6xOpEDfsi2CZVlPQzGeux8XMwLT9hssAsaPYExaQMuYskwb+x1x7J371tWlbBdWHroy99KnVB6qIkUbs5X3UQ=="
    },
    "typescript-json-serializer": {
      "version": "4.2.0",
      "resolved": "https://registry.npmjs.org/typescript-json-serializer/-/typescript-json-serializer-4.2.0.tgz",
      "integrity": "sha512-o/rgBfbtOO1PC/8YeNBenl53WlZKE7GxL2E7Pvnvsv1NhSUWbGLchtfMMjPUHhqNYVkHj1FL5XHFJS3ZeR0Gsw==",
      "requires": {
        "reflect-metadata": "^0.1.13",
        "tslib": "^2.3.0"
      }
    }
  }
}
